
Microsoft Visual Studio Solution File, Format Version 12.00
# Visual Studio Version 16
VisualStudioVersion = 16.0.29318.209
MinimumVisualStudioVersion = 10.0.40219.1
Project("{9A19103F-16F7-4668-BE54-9A1E7A4F7556}") = "Numpuk2", "Numpuk2\Numpuk2.csproj", "{52C12CCA-C3EC-48DB-A657-FA6D3C5D883D}"
EndProject
Project("{9A19103F-16F7-4668-BE54-9A1E7A4F7556}") = "Numpuk2.ExaminationReader", "Numpuk2.ExaminationReader\Numpuk2.ExaminationReader.csproj", "{7B99110F-4D27-40F3-9962-426701C76677}"
EndProject
Project("{FAE04EC0-301F-11D3-BF4B-00C04F79EFBC}") = "Numpuk2.Domain", "Numpuk2.Domain\Numpuk2.Domain.csproj", "{18381A98-6448-42F8-8988-C727D463D05B}"
EndProject
Project("{FAE04EC0-301F-11D3-BF4B-00C04F79EFBC}") = "Numpuk2.Data", "Numpuk2.Data\Numpuk2.Data.csproj", "{007CD450-4E75-43B7-9877-0757E128BFA9}"
EndProject
Global
	GlobalSection(SolutionConfigurationPlatforms) = preSolution
		Debug|Any CPU = Debug|Any CPU
		Release|Any CPU = Release|Any CPU
	EndGlobalSection
	GlobalSection(ProjectConfigurationPlatforms) = postSolution
		{52C12CCA-C3EC-48DB-A657-FA6D3C5D883D}.Debug|Any CPU.ActiveCfg = Debug|Any CPU
		{52C12CCA-C3EC-48DB-A657-FA6D3C5D883D}.Debug|Any CPU.Build.0 = Debug|Any CPU
		{52C12CCA-C3EC-48DB-A657-FA6D3C5D883D}.Release|Any CPU.ActiveCfg = Release|Any CPU
		{52C12CCA-C3EC-48DB-A657-FA6D3C5D883D}.Release|Any CPU.Build.0 = Release|Any CPU
		{7B99110F-4D27-40F3-9962-426701C76677}.Debug|Any CPU.ActiveCfg = Debug|Any CPU
		{7B99110F-4D27-40F3-9962-426701C76677}.Debug|Any CPU.Build.0 = Debug|Any CPU
		{7B99110F-4D27-40F3-9962-426701C76677}.Release|Any CPU.ActiveCfg = Release|Any CPU
		{7B99110F-4D27-40F3-9962-426701C76677}.Release|Any CPU.Build.0 = Release|Any CPU
		{18381A98-6448-42F8-8988-C727D463D05B}.Debug|Any CPU.ActiveCfg = Debug|Any CPU
		{18381A98-6448-42F8-8988-C727D463D05B}.Debug|Any CPU.Build.0 = Debug|Any CPU
		{18381A98-6448-42F8-8988-C727D463D05B}.Release|Any CPU.ActiveCfg = Release|Any CPU
		{18381A98-6448-42F8-8988-C727D463D05B}.Release|Any CPU.Build.0 = Release|Any CPU
		{007CD450-4E75-43B7-9877-0757E128BFA9}.Debug|Any CPU.ActiveCfg = Debug|Any CPU
		{007CD450-4E75-43B7-9877-0757E128BFA9}.Debug|Any CPU.Build.0 = Debug|Any CPU
		{007CD450-4E75-43B7-9877-0757E128BFA9}.Release|Any CPU.ActiveCfg = Release|Any CPU
		{007CD450-4E75-43B7-9877-0757E128BFA9}.Release|Any CPU.Build.0 = Release|Any CPU
	EndGlobalSection
	GlobalSection(SolutionProperties) = preSolution
		HideSolutionNode = FALSE
	EndGlobalSection
	GlobalSection(ExtensibilityGlobals) = postSolution
		SolutionGuid = {E0B3BE0F-6329-4DB2-A8D7-985455472E27}
	EndGlobalSection
EndGlobal
